
Microsoft Visual Studio Solution File, Format Version 12.00
# Visual Studio Version 17
VisualStudioVersion = 17.1.32407.343
MinimumVisualStudioVersion = 10.0.40219.1
Project("{9A19103F-16F7-4668-BE54-9A1E7A4F7556}") = "api", "api\api.csproj", "{D5DEB0C6-AA7D-43A0-B3D9-9C444FD7967A}"
EndProject
Project("{9A19103F-16F7-4668-BE54-9A1E7A4F7556}") = "api.test", "api.test\api.test.csproj", "{BBB99BB1-566F-4F17-8BF2-490089F2AB0C}"
EndProject
Global
	GlobalSection(SolutionConfigurationPlatforms) = preSolution
		Debug|Any CPU = Debug|Any CPU
		Release|Any CPU = Release|Any CPU
	EndGlobalSection
	GlobalSection(ProjectConfigurationPlatforms) = postSolution
		{D5DEB0C6-AA7D-43A0-B3D9-9C444FD7967A}.Debug|Any CPU.ActiveCfg = Debug|Any CPU
		{D5DEB0C6-AA7D-43A0-B3D9-9C444FD7967A}.Debug|Any CPU.Build.0 = Debug|Any CPU
		{D5DEB0C6-AA7D-43A0-B3D9-9C444FD7967A}.Release|Any CPU.ActiveCfg = Release|Any CPU
		{D5DEB0C6-AA7D-43A0-B3D9-9C444FD7967A}.Release|Any CPU.Build.0 = Release|Any CPU
		{BBB99BB1-566F-4F17-8BF2-490089F2AB0C}.Debug|Any CPU.ActiveCfg = Debug|Any CPU
		{BBB99BB1-566F-4F17-8BF2-490089F2AB0C}.Debug|Any CPU.Build.0 = Debug|Any CPU
		{BBB99BB1-566F-4F17-8BF2-490089F2AB0C}.Release|Any CPU.ActiveCfg = Release|Any CPU
		{BBB99BB1-566F-4F17-8BF2-490089F2AB0C}.Release|Any CPU.Build.0 = Release|Any CPU
	EndGlobalSection
	GlobalSection(SolutionProperties) = preSolution
		HideSolutionNode = FALSE
	EndGlobalSection
	GlobalSection(ExtensibilityGlobals) = postSolution
		SolutionGuid = {79C0B571-887C-4484-8F75-E6B1127AD2CF}
	EndGlobalSection
EndGlobal
